
Microsoft Visual Studio Solution File, Format Version 12.00
# Visual Studio Version 17
VisualStudioVersion = 17.9.34616.47
MinimumVisualStudioVersion = 10.0.40219.1
Project("{888888A0-9F3D-457C-B088-3A5042F75D52}") = "DeadliftCounter", "DeadliftCounter\DeadliftCounter.pyproj", "{D3185F56-DBD1-4942-BE3F-3DA5A1704271}"
EndProject
Global
	GlobalSection(SolutionConfigurationPlatforms) = preSolution
		Debug|Any CPU = Debug|Any CPU
		Release|Any CPU = Release|Any CPU
	EndGlobalSection
	GlobalSection(ProjectConfigurationPlatforms) = postSolution
		{D3185F56-DBD1-4942-BE3F-3DA5A1704271}.Debug|Any CPU.ActiveCfg = Debug|Any CPU
		{D3185F56-DBD1-4942-BE3F-3DA5A1704271}.Release|Any CPU.ActiveCfg = Release|Any CPU
	EndGlobalSection
	GlobalSection(SolutionProperties) = preSolution
		HideSolutionNode = FALSE
	EndGlobalSection
	GlobalSection(ExtensibilityGlobals) = postSolution
		SolutionGuid = {FFD8AA05-E441-4817-BB5B-1C1C2A8ADA3F}
	EndGlobalSection
EndGlobal
